// !$*UTF8*$!
{
	archiveVersion = 1;
	classes = {
	};
	objectVersion = 55;
	objects = {

/* Begin PBXBuildFile section */
		1D1AA58327BE8ABE00085A2C /* GrandAdvisor.swift in Sources */ = {isa = PBXBuildFile; fileRef = 1D1AA58227BE8ABE00085A2C /* GrandAdvisor.swift */; };
		1D1AA58727BE90F800085A2C /* GenresRaccomender 1.mlmodel in Sources */ = {isa = PBXBuildFile; fileRef = 1D1AA58627BE90F800085A2C /* GenresRaccomender 1.mlmodel */; };
		1D1AA58927BE90FF00085A2C /* KeyWordRaccomander 1.mlmodel in Sources */ = {isa = PBXBuildFile; fileRef = 1D1AA58827BE90FF00085A2C /* KeyWordRaccomander 1.mlmodel */; };
		1D1AA58B27BE910400085A2C /* ProductionRaccomender1 1.mlmodel in Sources */ = {isa = PBXBuildFile; fileRef = 1D1AA58A27BE910400085A2C /* ProductionRaccomender1 1.mlmodel */; };
		1D1AA58D27BE94A400085A2C /* movies-id-name.json in Resources */ = {isa = PBXBuildFile; fileRef = 1D1AA58C27BE94A300085A2C /* movies-id-name.json */; };
		1D85C87427BFE031009FB840 /* NetworkCenter.swift in Sources */ = {isa = PBXBuildFile; fileRef = 1D85C87327BFE031009FB840 /* NetworkCenter.swift */; };
		7511316B27BC00950025BE52 /* ImageCache.swift in Sources */ = {isa = PBXBuildFile; fileRef = 7511316A27BC00950025BE52 /* ImageCache.swift */; };
		7511316D27BC5FF20025BE52 /* ImageLoaderViewModel.swift in Sources */ = {isa = PBXBuildFile; fileRef = 7511316C27BC5FF10025BE52 /* ImageLoaderViewModel.swift */; };
		7511316F27BD0D6B0025BE52 /* DiscoverTab.swift in Sources */ = {isa = PBXBuildFile; fileRef = 7511316E27BD0D6B0025BE52 /* DiscoverTab.swift */; };
		7539459027B9152F00365782 /* Haptics.swift in Sources */ = {isa = PBXBuildFile; fileRef = 7539458F27B9152F00365782 /* Haptics.swift */; };
		756A040F27BAEC1D003ADFD4 /* DiscoverViewModel.swift in Sources */ = {isa = PBXBuildFile; fileRef = 756A040E27BAEC1D003ADFD4 /* DiscoverViewModel.swift */; };
		756A041127BAF90B003ADFD4 /* Array.swift in Sources */ = {isa = PBXBuildFile; fileRef = 756A041027BAF90B003ADFD4 /* Array.swift */; };
		756F1D7627B8164400609A15 /* MoviesApp.swift in Sources */ = {isa = PBXBuildFile; fileRef = 756F1D7527B8164400609A15 /* MoviesApp.swift */; };
		756F1D7827B8164400609A15 /* ContentView.swift in Sources */ = {isa = PBXBuildFile; fileRef = 756F1D7727B8164400609A15 /* ContentView.swift */; };
		756F1D7A27B8164500609A15 /* Assets.xcassets in Resources */ = {isa = PBXBuildFile; fileRef = 756F1D7927B8164500609A15 /* Assets.xcassets */; };
		756F1D7D27B8164500609A15 /* Preview Assets.xcassets in Resources */ = {isa = PBXBuildFile; fileRef = 756F1D7C27B8164500609A15 /* Preview Assets.xcassets */; };
		756F1D8927B816AA00609A15 /* View.swift in Sources */ = {isa = PBXBuildFile; fileRef = 756F1D8827B816AA00609A15 /* View.swift */; };
		756F1D8B27B816C100609A15 /* String.swift in Sources */ = {isa = PBXBuildFile; fileRef = 756F1D8A27B816C100609A15 /* String.swift */; };
		756F1D8E27B8178F00609A15 /* MovieCard.swift in Sources */ = {isa = PBXBuildFile; fileRef = 756F1D8D27B8178F00609A15 /* MovieCard.swift */; };
		756F1D9127B81B8E00609A15 /* Constants.swift in Sources */ = {isa = PBXBuildFile; fileRef = 756F1D9027B81B8D00609A15 /* Constants.swift */; };
		756F1D9427B81D1400609A15 /* RoundedRectangleButtonStyle.swift in Sources */ = {isa = PBXBuildFile; fileRef = 756F1D9327B81D1400609A15 /* RoundedRectangleButtonStyle.swift */; };
		756F1D9627B81E9B00609A15 /* Movie.swift in Sources */ = {isa = PBXBuildFile; fileRef = 756F1D9527B81E9B00609A15 /* Movie.swift */; };
		756F1D9A27B82D5000609A15 /* MovieAppModel.swift in Sources */ = {isa = PBXBuildFile; fileRef = 756F1D9927B82D5000609A15 /* MovieAppModel.swift */; };
		756F1D9D27B8307200609A15 /* movies.json in Resources */ = {isa = PBXBuildFile; fileRef = 756F1D9C27B8307200609A15 /* movies.json */; };
		756F1DA327B8429B00609A15 /* StarsRating.swift in Sources */ = {isa = PBXBuildFile; fileRef = 756F1DA227B8429B00609A15 /* StarsRating.swift */; };
		756F1DA527B8570A00609A15 /* MovieCardDetails.swift in Sources */ = {isa = PBXBuildFile; fileRef = 756F1DA427B8570A00609A15 /* MovieCardDetails.swift */; };
		756F1DA727B858A700609A15 /* MoviePoster.swift in Sources */ = {isa = PBXBuildFile; fileRef = 756F1DA627B858A700609A15 /* MoviePoster.swift */; };
		756F1DAF27B904FD00609A15 /* UINavigationBar.swift in Sources */ = {isa = PBXBuildFile; fileRef = 756F1DAE27B904FD00609A15 /* UINavigationBar.swift */; };
		75702FEC27BB13850065ACB4 /* DiscardFavoriteButtons.swift in Sources */ = {isa = PBXBuildFile; fileRef = 75702FEB27BB13850065ACB4 /* DiscardFavoriteButtons.swift */; };
		75820CAC27BA9FC700B489E1 /* SettingsTab.swift in Sources */ = {isa = PBXBuildFile; fileRef = 75820CAB27BA9FC700B489E1 /* SettingsTab.swift */; };
		75820CAE27BA9FFA00B489E1 /* WatchlistTab.swift in Sources */ = {isa = PBXBuildFile; fileRef = 75820CAD27BA9FFA00B489E1 /* WatchlistTab.swift */; };
		75820CB027BAA01000B489E1 /* MovieSwipe.swift in Sources */ = {isa = PBXBuildFile; fileRef = 75820CAF27BAA01000B489E1 /* MovieSwipe.swift */; };
		75C829C627BD5EBC005DED2A /* WatchlistSavedForLater.swift in Sources */ = {isa = PBXBuildFile; fileRef = 75C829C427BD5EBC005DED2A /* WatchlistSavedForLater.swift */; };
		75C829C727BD5EBC005DED2A /* MovieCardGridItem.swift in Sources */ = {isa = PBXBuildFile; fileRef = 75C829C527BD5EBC005DED2A /* MovieCardGridItem.swift */; };
		75C829C927BD5EC6005DED2A /* WatchlistViewModel.swift in Sources */ = {isa = PBXBuildFile; fileRef = 75C829C827BD5EC6005DED2A /* WatchlistViewModel.swift */; };
		75C829CB27BD811C005DED2A /* SkeumorhicButtonStyle.swift in Sources */ = {isa = PBXBuildFile; fileRef = 75C829CA27BD811C005DED2A /* SkeumorhicButtonStyle.swift */; };
/* End PBXBuildFile section */

/* Begin PBXFileReference section */
		1D1AA58227BE8ABE00085A2C /* GrandAdvisor.swift */ = {isa = PBXFileReference; lastKnownFileType = sourcecode.swift; path = GrandAdvisor.swift; sourceTree = "<group>"; };
		1D1AA58627BE90F800085A2C /* GenresRaccomender 1.mlmodel */ = {isa = PBXFileReference; lastKnownFileType = file.mlmodel; path = "GenresRaccomender 1.mlmodel"; sourceTree = "<group>"; };
		1D1AA58827BE90FF00085A2C /* KeyWordRaccomander 1.mlmodel */ = {isa = PBXFileReference; lastKnownFileType = file.mlmodel; path = "KeyWordRaccomander 1.mlmodel"; sourceTree = "<group>"; };
		1D1AA58A27BE910400085A2C /* ProductionRaccomender1 1.mlmodel */ = {isa = PBXFileReference; lastKnownFileType = file.mlmodel; path = "ProductionRaccomender1 1.mlmodel"; sourceTree = "<group>"; };
		1D1AA58C27BE94A300085A2C /* movies-id-name.json */ = {isa = PBXFileReference; fileEncoding = 4; lastKnownFileType = text.json; path = "movies-id-name.json"; sourceTree = "<group>"; };
		1D85C87327BFE031009FB840 /* NetworkCenter.swift */ = {isa = PBXFileReference; lastKnownFileType = sourcecode.swift; path = NetworkCenter.swift; sourceTree = "<group>"; };
		7511316A27BC00950025BE52 /* ImageCache.swift */ = {isa = PBXFileReference; lastKnownFileType = sourcecode.swift; path = ImageCache.swift; sourceTree = "<group>"; };
		7511316C27BC5FF10025BE52 /* ImageLoaderViewModel.swift */ = {isa = PBXFileReference; lastKnownFileType = sourcecode.swift; path = ImageLoaderViewModel.swift; sourceTree = "<group>"; };
		7511316E27BD0D6B0025BE52 /* DiscoverTab.swift */ = {isa = PBXFileReference; lastKnownFileType = sourcecode.swift; path = DiscoverTab.swift; sourceTree = "<group>"; };
		7539458F27B9152F00365782 /* Haptics.swift */ = {isa = PBXFileReference; lastKnownFileType = sourcecode.swift; path = Haptics.swift; sourceTree = "<group>"; };
		756A040E27BAEC1D003ADFD4 /* DiscoverViewModel.swift */ = {isa = PBXFileReference; lastKnownFileType = sourcecode.swift; path = DiscoverViewModel.swift; sourceTree = "<group>"; };
		756A041027BAF90B003ADFD4 /* Array.swift */ = {isa = PBXFileReference; lastKnownFileType = sourcecode.swift; path = Array.swift; sourceTree = "<group>"; };
		756F1D7227B8164400609A15 /* MoviesApp.app */ = {isa = PBXFileReference; explicitFileType = wrapper.application; includeInIndex = 0; path = MoviesApp.app; sourceTree = BUILT_PRODUCTS_DIR; };
		756F1D7527B8164400609A15 /* MoviesApp.swift */ = {isa = PBXFileReference; lastKnownFileType = sourcecode.swift; path = MoviesApp.swift; sourceTree = "<group>"; };
		756F1D7727B8164400609A15 /* ContentView.swift */ = {isa = PBXFileReference; lastKnownFileType = sourcecode.swift; path = ContentView.swift; sourceTree = "<group>"; };
		756F1D7927B8164500609A15 /* Assets.xcassets */ = {isa = PBXFileReference; lastKnownFileType = folder.assetcatalog; path = Assets.xcassets; sourceTree = "<group>"; };
		756F1D7C27B8164500609A15 /* Preview Assets.xcassets */ = {isa = PBXFileReference; lastKnownFileType = folder.assetcatalog; path = "Preview Assets.xcassets"; sourceTree = "<group>"; };
		756F1D8827B816AA00609A15 /* View.swift */ = {isa = PBXFileReference; lastKnownFileType = sourcecode.swift; path = View.swift; sourceTree = "<group>"; };
		756F1D8A27B816C100609A15 /* String.swift */ = {isa = PBXFileReference; lastKnownFileType = sourcecode.swift; path = String.swift; sourceTree = "<group>"; };
		756F1D8D27B8178F00609A15 /* MovieCard.swift */ = {isa = PBXFileReference; lastKnownFileType = sourcecode.swift; path = MovieCard.swift; sourceTree = "<group>"; };
		756F1D9027B81B8D00609A15 /* Constants.swift */ = {isa = PBXFileReference; lastKnownFileType = sourcecode.swift; path = Constants.swift; sourceTree = "<group>"; };
		756F1D9327B81D1400609A15 /* RoundedRectangleButtonStyle.swift */ = {isa = PBXFileReference; lastKnownFileType = sourcecode.swift; path = RoundedRectangleButtonStyle.swift; sourceTree = "<group>"; };
		756F1D9527B81E9B00609A15 /* Movie.swift */ = {isa = PBXFileReference; lastKnownFileType = sourcecode.swift; path = Movie.swift; sourceTree = "<group>"; };
		756F1D9927B82D5000609A15 /* MovieAppModel.swift */ = {isa = PBXFileReference; lastKnownFileType = sourcecode.swift; path = MovieAppModel.swift; sourceTree = "<group>"; };
		756F1D9C27B8307200609A15 /* movies.json */ = {isa = PBXFileReference; fileEncoding = 4; lastKnownFileType = text.json; path = movies.json; sourceTree = "<group>"; };
		756F1DA227B8429B00609A15 /* StarsRating.swift */ = {isa = PBXFileReference; lastKnownFileType = sourcecode.swift; path = StarsRating.swift; sourceTree = "<group>"; };
		756F1DA427B8570A00609A15 /* MovieCardDetails.swift */ = {isa = PBXFileReference; lastKnownFileType = sourcecode.swift; path = MovieCardDetails.swift; sourceTree = "<group>"; };
		756F1DA627B858A700609A15 /* MoviePoster.swift */ = {isa = PBXFileReference; lastKnownFileType = sourcecode.swift; path = MoviePoster.swift; sourceTree = "<group>"; };
		756F1DAE27B904FD00609A15 /* UINavigationBar.swift */ = {isa = PBXFileReference; lastKnownFileType = sourcecode.swift; path = UINavigationBar.swift; sourceTree = "<group>"; };
		75702FEA27BB0E230065ACB4 /* Info.plist */ = {isa = PBXFileReference; lastKnownFileType = text.plist; path = Info.plist; sourceTree = "<group>"; };
		75702FEB27BB13850065ACB4 /* DiscardFavoriteButtons.swift */ = {isa = PBXFileReference; lastKnownFileType = sourcecode.swift; path = DiscardFavoriteButtons.swift; sourceTree = "<group>"; };
		75820CAB27BA9FC700B489E1 /* SettingsTab.swift */ = {isa = PBXFileReference; lastKnownFileType = sourcecode.swift; path = SettingsTab.swift; sourceTree = "<group>"; };
		75820CAD27BA9FFA00B489E1 /* WatchlistTab.swift */ = {isa = PBXFileReference; lastKnownFileType = sourcecode.swift; path = WatchlistTab.swift; sourceTree = "<group>"; };
		75820CAF27BAA01000B489E1 /* MovieSwipe.swift */ = {isa = PBXFileReference; lastKnownFileType = sourcecode.swift; path = MovieSwipe.swift; sourceTree = "<group>"; };
		75C829C427BD5EBC005DED2A /* WatchlistSavedForLater.swift */ = {isa = PBXFileReference; fileEncoding = 4; lastKnownFileType = sourcecode.swift; path = WatchlistSavedForLater.swift; sourceTree = "<group>"; };
		75C829C527BD5EBC005DED2A /* MovieCardGridItem.swift */ = {isa = PBXFileReference; fileEncoding = 4; lastKnownFileType = sourcecode.swift; path = MovieCardGridItem.swift; sourceTree = "<group>"; };
		75C829C827BD5EC6005DED2A /* WatchlistViewModel.swift */ = {isa = PBXFileReference; fileEncoding = 4; lastKnownFileType = sourcecode.swift; path = WatchlistViewModel.swift; sourceTree = "<group>"; };
		75C829CA27BD811C005DED2A /* SkeumorhicButtonStyle.swift */ = {isa = PBXFileReference; lastKnownFileType = sourcecode.swift; path = SkeumorhicButtonStyle.swift; sourceTree = "<group>"; };
/* End PBXFileReference section */

/* Begin PBXFrameworksBuildPhase section */
		756F1D6F27B8164400609A15 /* Frameworks */ = {
			isa = PBXFrameworksBuildPhase;
			buildActionMask = 2147483647;
			files = (
			);
			runOnlyForDeploymentPostprocessing = 0;
		};
/* End PBXFrameworksBuildPhase section */

/* Begin PBXGroup section */
		756F1D6927B8164400609A15 = {
			isa = PBXGroup;
			children = (
				1D1AA58627BE90F800085A2C /* GenresRaccomender 1.mlmodel */,
				1D1AA58827BE90FF00085A2C /* KeyWordRaccomander 1.mlmodel */,
				1D1AA58A27BE910400085A2C /* ProductionRaccomender1 1.mlmodel */,
				756F1D7427B8164400609A15 /* MoviesApp */,
				756F1D7327B8164400609A15 /* Products */,
			);
			sourceTree = "<group>";
		};
		756F1D7327B8164400609A15 /* Products */ = {
			isa = PBXGroup;
			children = (
				756F1D7227B8164400609A15 /* MoviesApp.app */,
			);
			name = Products;
			sourceTree = "<group>";
		};
		756F1D7427B8164400609A15 /* MoviesApp */ = {
			isa = PBXGroup;
			children = (
				75702FEA27BB0E230065ACB4 /* Info.plist */,
				756F1D7527B8164400609A15 /* MoviesApp.swift */,
				756F1D9B27B82D8D00609A15 /* Resources */,
				756F1D8627B8168500609A15 /* Models */,
				756F1D8527B8167D00609A15 /* ViewModel */,
				756F1D8427B8166F00609A15 /* Utilities */,
				756F1D8327B8165100609A15 /* Views */,
				756F1D7927B8164500609A15 /* Assets.xcassets */,
				756F1D7B27B8164500609A15 /* Preview Content */,
			);
			path = MoviesApp;
			sourceTree = "<group>";
		};
		756F1D7B27B8164500609A15 /* Preview Content */ = {
			isa = PBXGroup;
			children = (
				756F1D7C27B8164500609A15 /* Preview Assets.xcassets */,
			);
			path = "Preview Content";
			sourceTree = "<group>";
		};
		756F1D8327B8165100609A15 /* Views */ = {
			isa = PBXGroup;
			children = (
				756F1D8C27B8170400609A15 /* Shared */,
				75820CA727BA9D7200B489E1 /* Tabs */,
				756F1D7727B8164400609A15 /* ContentView.swift */,
			);
			path = Views;
			sourceTree = "<group>";
		};
		756F1D8427B8166F00609A15 /* Utilities */ = {
			isa = PBXGroup;
			children = (
				756F1D9227B81CFF00609A15 /* Styles */,
				756F1D8727B816A100609A15 /* Extensions */,
				756F1D9027B81B8D00609A15 /* Constants.swift */,
				7539458F27B9152F00365782 /* Haptics.swift */,
				7511316A27BC00950025BE52 /* ImageCache.swift */,
			);
			path = Utilities;
			sourceTree = "<group>";
		};
		756F1D8527B8167D00609A15 /* ViewModel */ = {
			isa = PBXGroup;
			children = (
				1D1AA58227BE8ABE00085A2C /* GrandAdvisor.swift */,
				75C829C827BD5EC6005DED2A /* WatchlistViewModel.swift */,
				756A040E27BAEC1D003ADFD4 /* DiscoverViewModel.swift */,
				7511316C27BC5FF10025BE52 /* ImageLoaderViewModel.swift */,
				1D85C87327BFE031009FB840 /* NetworkCenter.swift */,
			);
			path = ViewModel;
			sourceTree = "<group>";
		};
		756F1D8627B8168500609A15 /* Models */ = {
			isa = PBXGroup;
			children = (
				756F1D9527B81E9B00609A15 /* Movie.swift */,
				756F1D9927B82D5000609A15 /* MovieAppModel.swift */,
			);
			path = Models;
			sourceTree = "<group>";
		};
		756F1D8727B816A100609A15 /* Extensions */ = {
			isa = PBXGroup;
			children = (
				756F1D8827B816AA00609A15 /* View.swift */,
				756F1D8A27B816C100609A15 /* String.swift */,
				756F1DAE27B904FD00609A15 /* UINavigationBar.swift */,
				756A041027BAF90B003ADFD4 /* Array.swift */,
			);
			path = Extensions;
			sourceTree = "<group>";
		};
		756F1D8C27B8170400609A15 /* Shared */ = {
			isa = PBXGroup;
			children = (
				756F1DA227B8429B00609A15 /* StarsRating.swift */,
				756F1DA627B858A700609A15 /* MoviePoster.swift */,
			);
			path = Shared;
			sourceTree = "<group>";
		};
		756F1D9227B81CFF00609A15 /* Styles */ = {
			isa = PBXGroup;
			children = (
				756F1D9327B81D1400609A15 /* RoundedRectangleButtonStyle.swift */,
				75C829CA27BD811C005DED2A /* SkeumorhicButtonStyle.swift */,
			);
			path = Styles;
			sourceTree = "<group>";
		};
		756F1D9B27B82D8D00609A15 /* Resources */ = {
			isa = PBXGroup;
			children = (
				756F1D9C27B8307200609A15 /* movies.json */,
				1D1AA58C27BE94A300085A2C /* movies-id-name.json */,
			);
			path = Resources;
			sourceTree = "<group>";
		};
		75820CA727BA9D7200B489E1 /* Tabs */ = {
			isa = PBXGroup;
			children = (
				75820CA927BA9F5500B489E1 /* Discover */,
				75820CA827BA9F4E00B489E1 /* Watchlist */,
				75820CAA27BA9F5900B489E1 /* Settings */,
			);
			path = Tabs;
			sourceTree = "<group>";
		};
		75820CA827BA9F4E00B489E1 /* Watchlist */ = {
			isa = PBXGroup;
			children = (
				75C829C527BD5EBC005DED2A /* MovieCardGridItem.swift */,
				75C829C427BD5EBC005DED2A /* WatchlistSavedForLater.swift */,
				75820CAD27BA9FFA00B489E1 /* WatchlistTab.swift */,
			);
			path = Watchlist;
			sourceTree = "<group>";
		};
		75820CA927BA9F5500B489E1 /* Discover */ = {
			isa = PBXGroup;
			children = (
				756F1DA427B8570A00609A15 /* MovieCardDetails.swift */,
				756F1D8D27B8178F00609A15 /* MovieCard.swift */,
				75820CAF27BAA01000B489E1 /* MovieSwipe.swift */,
				75702FEB27BB13850065ACB4 /* DiscardFavoriteButtons.swift */,
				7511316E27BD0D6B0025BE52 /* DiscoverTab.swift */,
			);
			path = Discover;
			sourceTree = "<group>";
		};
		75820CAA27BA9F5900B489E1 /* Settings */ = {
			isa = PBXGroup;
			children = (
				75820CAB27BA9FC700B489E1 /* SettingsTab.swift */,
			);
			path = Settings;
			sourceTree = "<group>";
		};
/* End PBXGroup section */

/* Begin PBXNativeTarget section */
		756F1D7127B8164400609A15 /* MoviesApp */ = {
			isa = PBXNativeTarget;
			buildConfigurationList = 756F1D8027B8164500609A15 /* Build configuration list for PBXNativeTarget "MoviesApp" */;
			buildPhases = (
				756F1D6E27B8164400609A15 /* Sources */,
				756F1D6F27B8164400609A15 /* Frameworks */,
				756F1D7027B8164400609A15 /* Resources */,
			);
			buildRules = (
			);
			dependencies = (
			);
			name = MoviesApp;
			productName = MoviesApp;
			productReference = 756F1D7227B8164400609A15 /* MoviesApp.app */;
			productType = "com.apple.product-type.application";
		};
/* End PBXNativeTarget section */

/* Begin PBXProject section */
		756F1D6A27B8164400609A15 /* Project object */ = {
			isa = PBXProject;
			attributes = {
				BuildIndependentTargetsInParallel = 1;
				LastSwiftUpdateCheck = 1320;
				LastUpgradeCheck = 1320;
				TargetAttributes = {
					756F1D7127B8164400609A15 = {
						CreatedOnToolsVersion = 13.2.1;
					};
				};
			};
			buildConfigurationList = 756F1D6D27B8164400609A15 /* Build configuration list for PBXProject "MoviesApp" */;
			compatibilityVersion = "Xcode 13.0";
			developmentRegion = en;
			hasScannedForEncodings = 0;
			knownRegions = (
				en,
				Base,
			);
			mainGroup = 756F1D6927B8164400609A15;
			productRefGroup = 756F1D7327B8164400609A15 /* Products */;
			projectDirPath = "";
			projectRoot = "";
			targets = (
				756F1D7127B8164400609A15 /* MoviesApp */,
			);
		};
/* End PBXProject section */

/* Begin PBXResourcesBuildPhase section */
		756F1D7027B8164400609A15 /* Resources */ = {
			isa = PBXResourcesBuildPhase;
			buildActionMask = 2147483647;
			files = (
				756F1D9D27B8307200609A15 /* movies.json in Resources */,
				756F1D7D27B8164500609A15 /* Preview Assets.xcassets in Resources */,
				1D1AA58D27BE94A400085A2C /* movies-id-name.json in Resources */,
				756F1D7A27B8164500609A15 /* Assets.xcassets in Resources */,
			);
			runOnlyForDeploymentPostprocessing = 0;
		};
/* End PBXResourcesBuildPhase section */

/* Begin PBXSourcesBuildPhase section */
		756F1D6E27B8164400609A15 /* Sources */ = {
			isa = PBXSourcesBuildPhase;
			buildActionMask = 2147483647;
			files = (
				1D1AA58B27BE910400085A2C /* ProductionRaccomender1 1.mlmodel in Sources */,
				756F1D9427B81D1400609A15 /* RoundedRectangleButtonStyle.swift in Sources */,
				75C829C627BD5EBC005DED2A /* WatchlistSavedForLater.swift in Sources */,
				756F1DAF27B904FD00609A15 /* UINavigationBar.swift in Sources */,
				1D1AA58927BE90FF00085A2C /* KeyWordRaccomander 1.mlmodel in Sources */,
				7511316F27BD0D6B0025BE52 /* DiscoverTab.swift in Sources */,
				756F1DA727B858A700609A15 /* MoviePoster.swift in Sources */,
				756F1D7827B8164400609A15 /* ContentView.swift in Sources */,
				75702FEC27BB13850065ACB4 /* DiscardFavoriteButtons.swift in Sources */,
				756F1D7627B8164400609A15 /* MoviesApp.swift in Sources */,
				75820CB027BAA01000B489E1 /* MovieSwipe.swift in Sources */,
				7539459027B9152F00365782 /* Haptics.swift in Sources */,
				756F1DA527B8570A00609A15 /* MovieCardDetails.swift in Sources */,
				75820CAE27BA9FFA00B489E1 /* WatchlistTab.swift in Sources */,
				756A041127BAF90B003ADFD4 /* Array.swift in Sources */,
				756A040F27BAEC1D003ADFD4 /* DiscoverViewModel.swift in Sources */,
				1D1AA58727BE90F800085A2C /* GenresRaccomender 1.mlmodel in Sources */,
				7511316B27BC00950025BE52 /* ImageCache.swift in Sources */,
				75C829C727BD5EBC005DED2A /* MovieCardGridItem.swift in Sources */,
				756F1D9A27B82D5000609A15 /* MovieAppModel.swift in Sources */,
				75C829CB27BD811C005DED2A /* SkeumorhicButtonStyle.swift in Sources */,
				756F1D8B27B816C100609A15 /* String.swift in Sources */,
				756F1DA327B8429B00609A15 /* StarsRating.swift in Sources */,
				7511316D27BC5FF20025BE52 /* ImageLoaderViewModel.swift in Sources */,
				75C829C927BD5EC6005DED2A /* WatchlistViewModel.swift in Sources */,
				1D85C87427BFE031009FB840 /* NetworkCenter.swift in Sources */,
				756F1D8927B816AA00609A15 /* View.swift in Sources */,
				756F1D8E27B8178F00609A15 /* MovieCard.swift in Sources */,
				75820CAC27BA9FC700B489E1 /* SettingsTab.swift in Sources */,
				1D1AA58327BE8ABE00085A2C /* GrandAdvisor.swift in Sources */,
				756F1D9627B81E9B00609A15 /* Movie.swift in Sources */,
				756F1D9127B81B8E00609A15 /* Constants.swift in Sources */,
			);
			runOnlyForDeploymentPostprocessing = 0;
		};
/* End PBXSourcesBuildPhase section */

/* Begin XCBuildConfiguration section */
		756F1D7E27B8164500609A15 /* Debug */ = {
			isa = XCBuildConfiguration;
			buildSettings = {
				ALWAYS_SEARCH_USER_PATHS = NO;
				CLANG_ANALYZER_NONNULL = YES;
				CLANG_ANALYZER_NUMBER_OBJECT_CONVERSION = YES_AGGRESSIVE;
				CLANG_CXX_LANGUAGE_STANDARD = "gnu++17";
				CLANG_CXX_LIBRARY = "libc++";
				CLANG_ENABLE_MODULES = YES;
				CLANG_ENABLE_OBJC_ARC = YES;
				CLANG_ENABLE_OBJC_WEAK = YES;
				CLANG_WARN_BLOCK_CAPTURE_AUTORELEASING = YES;
				CLANG_WARN_BOOL_CONVERSION = YES;
				CLANG_WARN_COMMA = YES;
				CLANG_WARN_CONSTANT_CONVERSION = YES;
				CLANG_WARN_DEPRECATED_OBJC_IMPLEMENTATIONS = YES;
				CLANG_WARN_DIRECT_OBJC_ISA_USAGE = YES_ERROR;
				CLANG_WARN_DOCUMENTATION_COMMENTS = YES;
				CLANG_WARN_EMPTY_BODY = YES;
				CLANG_WARN_ENUM_CONVERSION = YES;
				CLANG_WARN_INFINITE_RECURSION = YES;
				CLANG_WARN_INT_CONVERSION = YES;
				CLANG_WARN_NON_LITERAL_NULL_CONVERSION = YES;
				CLANG_WARN_OBJC_IMPLICIT_RETAIN_SELF = YES;
				CLANG_WARN_OBJC_LITERAL_CONVERSION = YES;
				CLANG_WARN_OBJC_ROOT_CLASS = YES_ERROR;
				CLANG_WARN_QUOTED_INCLUDE_IN_FRAMEWORK_HEADER = YES;
				CLANG_WARN_RANGE_LOOP_ANALYSIS = YES;
				CLANG_WARN_STRICT_PROTOTYPES = YES;
				CLANG_WARN_SUSPICIOUS_MOVE = YES;
				CLANG_WARN_UNGUARDED_AVAILABILITY = YES_AGGRESSIVE;
				CLANG_WARN_UNREACHABLE_CODE = YES;
				CLANG_WARN__DUPLICATE_METHOD_MATCH = YES;
				COPY_PHASE_STRIP = NO;
				DEBUG_INFORMATION_FORMAT = dwarf;
				ENABLE_STRICT_OBJC_MSGSEND = YES;
				ENABLE_TESTABILITY = YES;
				GCC_C_LANGUAGE_STANDARD = gnu11;
				GCC_DYNAMIC_NO_PIC = NO;
				GCC_NO_COMMON_BLOCKS = YES;
				GCC_OPTIMIZATION_LEVEL = 0;
				GCC_PREPROCESSOR_DEFINITIONS = (
					"DEBUG=1",
					"$(inherited)",
				);
				GCC_WARN_64_TO_32_BIT_CONVERSION = YES;
				GCC_WARN_ABOUT_RETURN_TYPE = YES_ERROR;
				GCC_WARN_UNDECLARED_SELECTOR = YES;
				GCC_WARN_UNINITIALIZED_AUTOS = YES_AGGRESSIVE;
				GCC_WARN_UNUSED_FUNCTION = YES;
				GCC_WARN_UNUSED_VARIABLE = YES;
				IPHONEOS_DEPLOYMENT_TARGET = 15.2;
				MTL_ENABLE_DEBUG_INFO = INCLUDE_SOURCE;
				MTL_FAST_MATH = YES;
				ONLY_ACTIVE_ARCH = YES;
				SDKROOT = iphoneos;
				SWIFT_ACTIVE_COMPILATION_CONDITIONS = DEBUG;
				SWIFT_OPTIMIZATION_LEVEL = "-Onone";
			};
			name = Debug;
		};
		756F1D7F27B8164500609A15 /* Release */ = {
			isa = XCBuildConfiguration;
			buildSettings = {
				ALWAYS_SEARCH_USER_PATHS = NO;
				CLANG_ANALYZER_NONNULL = YES;
				CLANG_ANALYZER_NUMBER_OBJECT_CONVERSION = YES_AGGRESSIVE;
				CLANG_CXX_LANGUAGE_STANDARD = "gnu++17";
				CLANG_CXX_LIBRARY = "libc++";
				CLANG_ENABLE_MODULES = YES;
				CLANG_ENABLE_OBJC_ARC = YES;
				CLANG_ENABLE_OBJC_WEAK = YES;
				CLANG_WARN_BLOCK_CAPTURE_AUTORELEASING = YES;
				CLANG_WARN_BOOL_CONVERSION = YES;
				CLANG_WARN_COMMA = YES;
				CLANG_WARN_CONSTANT_CONVERSION = YES;
				CLANG_WARN_DEPRECATED_OBJC_IMPLEMENTATIONS = YES;
				CLANG_WARN_DIRECT_OBJC_ISA_USAGE = YES_ERROR;
				CLANG_WARN_DOCUMENTATION_COMMENTS = YES;
				CLANG_WARN_EMPTY_BODY = YES;
				CLANG_WARN_ENUM_CONVERSION = YES;
				CLANG_WARN_INFINITE_RECURSION = YES;
				CLANG_WARN_INT_CONVERSION = YES;
				CLANG_WARN_NON_LITERAL_NULL_CONVERSION = YES;
				CLANG_WARN_OBJC_IMPLICIT_RETAIN_SELF = YES;
				CLANG_WARN_OBJC_LITERAL_CONVERSION = YES;
				CLANG_WARN_OBJC_ROOT_CLASS = YES_ERROR;
				CLANG_WARN_QUOTED_INCLUDE_IN_FRAMEWORK_HEADER = YES;
				CLANG_WARN_RANGE_LOOP_ANALYSIS = YES;
				CLANG_WARN_STRICT_PROTOTYPES = YES;
				CLANG_WARN_SUSPICIOUS_MOVE = YES;
				CLANG_WARN_UNGUARDED_AVAILABILITY = YES_AGGRESSIVE;
				CLANG_WARN_UNREACHABLE_CODE = YES;
				CLANG_WARN__DUPLICATE_METHOD_MATCH = YES;
				COPY_PHASE_STRIP = NO;
				DEBUG_INFORMATION_FORMAT = "dwarf-with-dsym";
				ENABLE_NS_ASSERTIONS = NO;
				ENABLE_STRICT_OBJC_MSGSEND = YES;
				GCC_C_LANGUAGE_STANDARD = gnu11;
				GCC_NO_COMMON_BLOCKS = YES;
				GCC_WARN_64_TO_32_BIT_CONVERSION = YES;
				GCC_WARN_ABOUT_RETURN_TYPE = YES_ERROR;
				GCC_WARN_UNDECLARED_SELECTOR = YES;
				GCC_WARN_UNINITIALIZED_AUTOS = YES_AGGRESSIVE;
				GCC_WARN_UNUSED_FUNCTION = YES;
				GCC_WARN_UNUSED_VARIABLE = YES;
				IPHONEOS_DEPLOYMENT_TARGET = 15.2;
				MTL_ENABLE_DEBUG_INFO = NO;
				MTL_FAST_MATH = YES;
				SDKROOT = iphoneos;
				SWIFT_COMPILATION_MODE = wholemodule;
				SWIFT_OPTIMIZATION_LEVEL = "-O";
				VALIDATE_PRODUCT = YES;
			};
			name = Release;
		};
		756F1D8127B8164500609A15 /* Debug */ = {
			isa = XCBuildConfiguration;
			buildSettings = {
				ASSETCATALOG_COMPILER_APPICON_NAME = AppIcon;
				ASSETCATALOG_COMPILER_GLOBAL_ACCENT_COLOR_NAME = AccentColor;
				CODE_SIGN_STYLE = Automatic;
				CURRENT_PROJECT_VERSION = 1;
				DEVELOPMENT_ASSET_PATHS = "\"MoviesApp/Preview Content\"";
				DEVELOPMENT_TEAM = USC938GT8B;
				ENABLE_PREVIEWS = YES;
				GENERATE_INFOPLIST_FILE = YES;
				INFOPLIST_FILE = MoviesApp/Info.plist;
				INFOPLIST_KEY_UIApplicationSceneManifest_Generation = YES;
				INFOPLIST_KEY_UIApplicationSupportsIndirectInputEvents = YES;
				INFOPLIST_KEY_UILaunchScreen_Generation = YES;
				INFOPLIST_KEY_UISupportedInterfaceOrientations_iPad = "UIInterfaceOrientationPortrait UIInterfaceOrientationPortraitUpsideDown UIInterfaceOrientationLandscapeLeft UIInterfaceOrientationLandscapeRight";
				INFOPLIST_KEY_UISupportedInterfaceOrientations_iPhone = "UIInterfaceOrientationPortrait UIInterfaceOrientationLandscapeLeft UIInterfaceOrientationLandscapeRight";
				INFOPLIST_KEY_UIUserInterfaceStyle = Dark;
				IPHONEOS_DEPLOYMENT_TARGET = 15.0;
				LD_RUNPATH_SEARCH_PATHS = (
					"$(inherited)",
					"@executable_path/Frameworks",
				);
				MARKETING_VERSION = 1.0;
				PRODUCT_BUNDLE_IDENTIFIER = it.carmineporricelli.MoviesApp;
				PRODUCT_NAME = "$(TARGET_NAME)";
				SWIFT_EMIT_LOC_STRINGS = YES;
				SWIFT_VERSION = 5.0;
				TARGETED_DEVICE_FAMILY = 1;
			};
			name = Debug;
		};
		756F1D8227B8164500609A15 /* Release */ = {
			isa = XCBuildConfiguration;
			buildSettings = {
				ASSETCATALOG_COMPILER_APPICON_NAME = AppIcon;
				ASSETCATALOG_COMPILER_GLOBAL_ACCENT_COLOR_NAME = AccentColor;
				CODE_SIGN_STYLE = Automatic;
				CURRENT_PROJECT_VERSION = 1;
				DEVELOPMENT_ASSET_PATHS = "\"MoviesApp/Preview Content\"";
				DEVELOPMENT_TEAM = USC938GT8B;
				ENABLE_PREVIEWS = YES;
				GENERATE_INFOPLIST_FILE = YES;
				INFOPLIST_FILE = MoviesApp/Info.plist;
				INFOPLIST_KEY_UIApplicationSceneManifest_Generation = YES;
				INFOPLIST_KEY_UIApplicationSupportsIndirectInputEvents = YES;
				INFOPLIST_KEY_UILaunchScreen_Generation = YES;
				INFOPLIST_KEY_UISupportedInterfaceOrientations_iPad = "UIInterfaceOrientationPortrait UIInterfaceOrientationPortraitUpsideDown UIInterfaceOrientationLandscapeLeft UIInterfaceOrientationLandscapeRight";
				INFOPLIST_KEY_UISupportedInterfaceOrientations_iPhone = "UIInterfaceOrientationPortrait UIInterfaceOrientationLandscapeLeft UIInterfaceOrientationLandscapeRight";
				INFOPLIST_KEY_UIUserInterfaceStyle = Dark;
				IPHONEOS_DEPLOYMENT_TARGET = 15.0;
				LD_RUNPATH_SEARCH_PATHS = (
					"$(inherited)",
					"@executable_path/Frameworks",
				);
				MARKETING_VERSION = 1.0;
				PRODUCT_BUNDLE_IDENTIFIER = it.carmineporricelli.MoviesApp;
				PRODUCT_NAME = "$(TARGET_NAME)";
				SWIFT_EMIT_LOC_STRINGS = YES;
				SWIFT_VERSION = 5.0;
				TARGETED_DEVICE_FAMILY = 1;
			};
			name = Release;
		};
/* End XCBuildConfiguration section */

/* Begin XCConfigurationList section */
		756F1D6D27B8164400609A15 /* Build configuration list for PBXProject "MoviesApp" */ = {
			isa = XCConfigurationList;
			buildConfigurations = (
				756F1D7E27B8164500609A15 /* Debug */,
				756F1D7F27B8164500609A15 /* Release */,
			);
			defaultConfigurationIsVisible = 0;
			defaultConfigurationName = Release;
		};
		756F1D8027B8164500609A15 /* Build configuration list for PBXNativeTarget "MoviesApp" */ = {
			isa = XCConfigurationList;
			buildConfigurations = (
				756F1D8127B8164500609A15 /* Debug */,
				756F1D8227B8164500609A15 /* Release */,
			);
			defaultConfigurationIsVisible = 0;
			defaultConfigurationName = Release;
		};
/* End XCConfigurationList section */
	};
	rootObject = 756F1D6A27B8164400609A15 /* Project object */;
}
